
Microsoft Visual Studio Solution File, Format Version 12.00
# Visual Studio Version 17
VisualStudioVersion = 17.10.35013.160
MinimumVisualStudioVersion = 10.0.40219.1
Project("{FAE04EC0-301F-11D3-BF4B-00C04F79EFBC}") = "MVC", "MVC.csproj", "{B4DC29CF-739B-409B-AE9B-820AEB54E2DA}"
EndProject
Global
	GlobalSection(SolutionConfigurationPlatforms) = preSolution
		Debug|Any CPU = Debug|Any CPU
		Release|Any CPU = Release|Any CPU
	EndGlobalSection
	GlobalSection(ProjectConfigurationPlatforms) = postSolution
		{B4DC29CF-739B-409B-AE9B-820AEB54E2DA}.Debug|Any CPU.ActiveCfg = Debug|Any CPU
		{B4DC29CF-739B-409B-AE9B-820AEB54E2DA}.Debug|Any CPU.Build.0 = Debug|Any CPU
		{B4DC29CF-739B-409B-AE9B-820AEB54E2DA}.Release|Any CPU.ActiveCfg = Release|Any CPU
		{B4DC29CF-739B-409B-AE9B-820AEB54E2DA}.Release|Any CPU.Build.0 = Release|Any CPU
	EndGlobalSection
	GlobalSection(SolutionProperties) = preSolution
		HideSolutionNode = FALSE
	EndGlobalSection
	GlobalSection(ExtensibilityGlobals) = postSolution
		SolutionGuid = {3925B304-80AF-4EB4-A85D-6A696260125B}
	EndGlobalSection
EndGlobal
